
Microsoft Visual Studio Solution File, Format Version 12.00
# Visual Studio Version 17
VisualStudioVersion = 17.11.35208.52
MinimumVisualStudioVersion = 10.0.40219.1
Project("{9A19103F-16F7-4668-BE54-9A1E7A4F7556}") = "Project", "TachHoTen\Project.csproj", "{A05F2B70-5C97-43B0-9593-24BEEC951A47}"
EndProject
Global
	GlobalSection(SolutionConfigurationPlatforms) = preSolution
		Debug|Any CPU = Debug|Any CPU
		Release|Any CPU = Release|Any CPU
	EndGlobalSection
	GlobalSection(ProjectConfigurationPlatforms) = postSolution
		{A05F2B70-5C97-43B0-9593-24BEEC951A47}.Debug|Any CPU.ActiveCfg = Debug|Any CPU
		{A05F2B70-5C97-43B0-9593-24BEEC951A47}.Debug|Any CPU.Build.0 = Debug|Any CPU
		{A05F2B70-5C97-43B0-9593-24BEEC951A47}.Release|Any CPU.ActiveCfg = Release|Any CPU
		{A05F2B70-5C97-43B0-9593-24BEEC951A47}.Release|Any CPU.Build.0 = Release|Any CPU
	EndGlobalSection
	GlobalSection(SolutionProperties) = preSolution
		HideSolutionNode = FALSE
	EndGlobalSection
	GlobalSection(ExtensibilityGlobals) = postSolution
		SolutionGuid = {38BE9B1F-E296-4C31-97D1-06CA3FBAD8C8}
	EndGlobalSection
EndGlobal
